
Microsoft Visual Studio Solution File, Format Version 12.00
# Visual Studio 14
VisualStudioVersion = 14.0.23107.0
MinimumVisualStudioVersion = 10.0.40219.1
Project("{FAE04EC0-301F-11D3-BF4B-00C04F79EFBC}") = "WebApplication1", "WebApplication1\WebApplication1.csproj", "{663B8BDC-4324-45A9-90AD-02C8FF712205}"
EndProject
Project("{FAE04EC0-301F-11D3-BF4B-00C04F79EFBC}") = "WebApplication1.Tests", "WebApplication1.Tests\WebApplication1.Tests.csproj", "{4F44060A-5984-4CAF-A1D7-88E794BD85E4}"
EndProject
Global
	GlobalSection(SolutionConfigurationPlatforms) = preSolution
		Debug|Any CPU = Debug|Any CPU
		Release|Any CPU = Release|Any CPU
	EndGlobalSection
	GlobalSection(ProjectConfigurationPlatforms) = postSolution
		{663B8BDC-4324-45A9-90AD-02C8FF712205}.Debug|Any CPU.ActiveCfg = Debug|Any CPU
		{663B8BDC-4324-45A9-90AD-02C8FF712205}.Debug|Any CPU.Build.0 = Debug|Any CPU
		{663B8BDC-4324-45A9-90AD-02C8FF712205}.Release|Any CPU.ActiveCfg = Release|Any CPU
		{663B8BDC-4324-45A9-90AD-02C8FF712205}.Release|Any CPU.Build.0 = Release|Any CPU
		{4F44060A-5984-4CAF-A1D7-88E794BD85E4}.Debug|Any CPU.ActiveCfg = Debug|Any CPU
		{4F44060A-5984-4CAF-A1D7-88E794BD85E4}.Debug|Any CPU.Build.0 = Debug|Any CPU
		{4F44060A-5984-4CAF-A1D7-88E794BD85E4}.Release|Any CPU.ActiveCfg = Release|Any CPU
		{4F44060A-5984-4CAF-A1D7-88E794BD85E4}.Release|Any CPU.Build.0 = Release|Any CPU
	EndGlobalSection
	GlobalSection(SolutionProperties) = preSolution
		HideSolutionNode = FALSE
	EndGlobalSection
EndGlobal
